
Microsoft Visual Studio Solution File, Format Version 12.00
# Visual Studio Version 16
VisualStudioVersion = 16.0.32228.343
MinimumVisualStudioVersion = 10.0.40219.1
Project("{888888A0-9F3D-457C-B088-3A5042F75D52}") = "COH_PIAH", "COH_PIAH.pyproj", "{FE8C48E3-355F-4484-97BA-B19270890B5E}"
EndProject
Global
	GlobalSection(SolutionConfigurationPlatforms) = preSolution
		Debug|Any CPU = Debug|Any CPU
		Release|Any CPU = Release|Any CPU
	EndGlobalSection
	GlobalSection(ProjectConfigurationPlatforms) = postSolution
		{FE8C48E3-355F-4484-97BA-B19270890B5E}.Debug|Any CPU.ActiveCfg = Debug|Any CPU
		{FE8C48E3-355F-4484-97BA-B19270890B5E}.Release|Any CPU.ActiveCfg = Release|Any CPU
	EndGlobalSection
	GlobalSection(SolutionProperties) = preSolution
		HideSolutionNode = FALSE
	EndGlobalSection
	GlobalSection(ExtensibilityGlobals) = postSolution
		SolutionGuid = {C1688B43-AD9C-402D-8CD2-F0808DC25AC5}
	EndGlobalSection
EndGlobal
